// !$*UTF8*$!
{
	archiveVersion = 1;
	classes = {
	};
	objectVersion = 77;
	objects = {

/* Begin PBXContainerItemProxy section */
		65B600BF2E05D23E00C3E362 /* PBXContainerItemProxy */ = {
			isa = PBXContainerItemProxy;
			containerPortal = 65B600A92E05D23C00C3E362 /* Project object */;
			proxyType = 1;
			remoteGlobalIDString = 65B600B02E05D23C00C3E362;
			remoteInfo = OctopusTracker;
		};
		65B600C92E05D23E00C3E362 /* PBXContainerItemProxy */ = {
			isa = PBXContainerItemProxy;
			containerPortal = 65B600A92E05D23C00C3E362 /* Project object */;
			proxyType = 1;
			remoteGlobalIDString = 65B600B02E05D23C00C3E362;
			remoteInfo = OctopusTracker;
		};
/* End PBXContainerItemProxy section */

/* Begin PBXFileReference section */
		65B600B12E05D23C00C3E362 /* OctopusTracker.app */ = {isa = PBXFileReference; explicitFileType = wrapper.application; includeInIndex = 0; path = OctopusTracker.app; sourceTree = BUILT_PRODUCTS_DIR; };
		65B600BE2E05D23E00C3E362 /* OctopusTrackerTests.xctest */ = {isa = PBXFileReference; explicitFileType = wrapper.cfbundle; includeInIndex = 0; path = OctopusTrackerTests.xctest; sourceTree = BUILT_PRODUCTS_DIR; };
		65B600C82E05D23E00C3E362 /* OctopusTrackerUITests.xctest */ = {isa = PBXFileReference; explicitFileType = wrapper.cfbundle; includeInIndex = 0; path = OctopusTrackerUITests.xctest; sourceTree = BUILT_PRODUCTS_DIR; };
/* End PBXFileReference section */

/* Begin PBXFileSystemSynchronizedRootGroup section */
		65B600B32E05D23C00C3E362 /* OctopusTracker */ = {
			isa = PBXFileSystemSynchronizedRootGroup;
			path = OctopusTracker;
			sourceTree = "<group>";
		};
		65B600C12E05D23E00C3E362 /* OctopusTrackerTests */ = {
			isa = PBXFileSystemSynchronizedRootGroup;
			path = OctopusTrackerTests;
			sourceTree = "<group>";
		};
		65B600CB2E05D23E00C3E362 /* OctopusTrackerUITests */ = {
			isa = PBXFileSystemSynchronizedRootGroup;
			path = OctopusTrackerUITests;
			sourceTree = "<group>";
		};
/* End PBXFileSystemSynchronizedRootGroup section */

/* Begin PBXFrameworksBuildPhase section */
		65B600AE2E05D23C00C3E362 /* Frameworks */ = {
			isa = PBXFrameworksBuildPhase;
			buildActionMask = 2147483647;
			files = (
			);
			runOnlyForDeploymentPostprocessing = 0;
		};
		65B600BB2E05D23E00C3E362 /* Frameworks */ = {
			isa = PBXFrameworksBuildPhase;
			buildActionMask = 2147483647;
			files = (
			);
			runOnlyForDeploymentPostprocessing = 0;
		};
		65B600C52E05D23E00C3E362 /* Frameworks */ = {
			isa = PBXFrameworksBuildPhase;
			buildActionMask = 2147483647;
			files = (
			);
			runOnlyForDeploymentPostprocessing = 0;
		};
/* End PBXFrameworksBuildPhase section */

/* Begin PBXGroup section */
		65B600A82E05D23C00C3E362 = {
			isa = PBXGroup;
			children = (
				65B600B32E05D23C00C3E362 /* OctopusTracker */,
				65B600C12E05D23E00C3E362 /* OctopusTrackerTests */,
				65B600CB2E05D23E00C3E362 /* OctopusTrackerUITests */,
				65B600B22E05D23C00C3E362 /* Products */,
			);
			sourceTree = "<group>";
		};
		65B600B22E05D23C00C3E362 /* Products */ = {
			isa = PBXGroup;
			children = (
				65B600B12E05D23C00C3E362 /* OctopusTracker.app */,
				65B600BE2E05D23E00C3E362 /* OctopusTrackerTests.xctest */,
				65B600C82E05D23E00C3E362 /* OctopusTrackerUITests.xctest */,
			);
			name = Products;
			sourceTree = "<group>";
		};
/* End PBXGroup section */

/* Begin PBXNativeTarget section */
		65B600B02E05D23C00C3E362 /* OctopusTracker */ = {
			isa = PBXNativeTarget;
			buildConfigurationList = 65B600D22E05D23E00C3E362 /* Build configuration list for PBXNativeTarget "OctopusTracker" */;
			buildPhases = (
				65B600AD2E05D23C00C3E362 /* Sources */,
				65B600AE2E05D23C00C3E362 /* Frameworks */,
				65B600AF2E05D23C00C3E362 /* Resources */,
			);
			buildRules = (
			);
			dependencies = (
			);
			fileSystemSynchronizedGroups = (
				65B600B32E05D23C00C3E362 /* OctopusTracker */,
			);
			name = OctopusTracker;
			packageProductDependencies = (
			);
			productName = OctopusTracker;
			productReference = 65B600B12E05D23C00C3E362 /* OctopusTracker.app */;
			productType = "com.apple.product-type.application";
		};
		65B600BD2E05D23E00C3E362 /* OctopusTrackerTests */ = {
			isa = PBXNativeTarget;
			buildConfigurationList = 65B600D52E05D23E00C3E362 /* Build configuration list for PBXNativeTarget "OctopusTrackerTests" */;
			buildPhases = (
				65B600BA2E05D23E00C3E362 /* Sources */,
				65B600BB2E05D23E00C3E362 /* Frameworks */,
				65B600BC2E05D23E00C3E362 /* Resources */,
			);
			buildRules = (
			);
			dependencies = (
				65B600C02E05D23E00C3E362 /* PBXTargetDependency */,
			);
			fileSystemSynchronizedGroups = (
				65B600C12E05D23E00C3E362 /* OctopusTrackerTests */,
			);
			name = OctopusTrackerTests;
			packageProductDependencies = (
			);
			productName = OctopusTrackerTests;
			productReference = 65B600BE2E05D23E00C3E362 /* OctopusTrackerTests.xctest */;
			productType = "com.apple.product-type.bundle.unit-test";
		};
		65B600C72E05D23E00C3E362 /* OctopusTrackerUITests */ = {
			isa = PBXNativeTarget;
			buildConfigurationList = 65B600D82E05D23E00C3E362 /* Build configuration list for PBXNativeTarget "OctopusTrackerUITests" */;
			buildPhases = (
				65B600C42E05D23E00C3E362 /* Sources */,
				65B600C52E05D23E00C3E362 /* Frameworks */,
				65B600C62E05D23E00C3E362 /* Resources */,
			);
			buildRules = (
			);
			dependencies = (
				65B600CA2E05D23E00C3E362 /* PBXTargetDependency */,
			);
			fileSystemSynchronizedGroups = (
				65B600CB2E05D23E00C3E362 /* OctopusTrackerUITests */,
			);
			name = OctopusTrackerUITests;
			packageProductDependencies = (
			);
			productName = OctopusTrackerUITests;
			productReference = 65B600C82E05D23E00C3E362 /* OctopusTrackerUITests.xctest */;
			productType = "com.apple.product-type.bundle.ui-testing";
		};
/* End PBXNativeTarget section */

/* Begin PBXProject section */
		65B600A92E05D23C00C3E362 /* Project object */ = {
			isa = PBXProject;
			attributes = {
				BuildIndependentTargetsInParallel = 1;
				LastSwiftUpdateCheck = 1640;
				LastUpgradeCheck = 1640;
				TargetAttributes = {
					65B600B02E05D23C00C3E362 = {
						CreatedOnToolsVersion = 16.4;
					};
					65B600BD2E05D23E00C3E362 = {
						CreatedOnToolsVersion = 16.4;
						TestTargetID = 65B600B02E05D23C00C3E362;
					};
					65B600C72E05D23E00C3E362 = {
						CreatedOnToolsVersion = 16.4;
						TestTargetID = 65B600B02E05D23C00C3E362;
					};
				};
			};
			buildConfigurationList = 65B600AC2E05D23C00C3E362 /* Build configuration list for PBXProject "OctopusTracker" */;
			developmentRegion = en;
			hasScannedForEncodings = 0;
			knownRegions = (
				en,
				Base,
			);
			mainGroup = 65B600A82E05D23C00C3E362;
			minimizedProjectReferenceProxies = 1;
			preferredProjectObjectVersion = 77;
			productRefGroup = 65B600B22E05D23C00C3E362 /* Products */;
			projectDirPath = "";
			projectRoot = "";
			targets = (
				65B600B02E05D23C00C3E362 /* OctopusTracker */,
				65B600BD2E05D23E00C3E362 /* OctopusTrackerTests */,
				65B600C72E05D23E00C3E362 /* OctopusTrackerUITests */,
			);
		};
/* End PBXProject section */

/* Begin PBXResourcesBuildPhase section */
		65B600AF2E05D23C00C3E362 /* Resources */ = {
			isa = PBXResourcesBuildPhase;
			buildActionMask = 2147483647;
			files = (
			);
			runOnlyForDeploymentPostprocessing = 0;
		};
		65B600BC2E05D23E00C3E362 /* Resources */ = {
			isa = PBXResourcesBuildPhase;
			buildActionMask = 2147483647;
			files = (
			);
			runOnlyForDeploymentPostprocessing = 0;
		};
		65B600C62E05D23E00C3E362 /* Resources */ = {
			isa = PBXResourcesBuildPhase;
			buildActionMask = 2147483647;
			files = (
			);
			runOnlyForDeploymentPostprocessing = 0;
		};
/* End PBXResourcesBuildPhase section */

/* Begin PBXSourcesBuildPhase section */
		65B600AD2E05D23C00C3E362 /* Sources */ = {
			isa = PBXSourcesBuildPhase;
			buildActionMask = 2147483647;
			files = (
			);
			runOnlyForDeploymentPostprocessing = 0;
		};
		65B600BA2E05D23E00C3E362 /* Sources */ = {
			isa = PBXSourcesBuildPhase;
			buildActionMask = 2147483647;
			files = (
			);
			runOnlyForDeploymentPostprocessing = 0;
		};
		65B600C42E05D23E00C3E362 /* Sources */ = {
			isa = PBXSourcesBuildPhase;
			buildActionMask = 2147483647;
			files = (
			);
			runOnlyForDeploymentPostprocessing = 0;
		};
/* End PBXSourcesBuildPhase section */

/* Begin PBXTargetDependency section */
		65B600C02E05D23E00C3E362 /* PBXTargetDependency */ = {
			isa = PBXTargetDependency;
			target = 65B600B02E05D23C00C3E362 /* OctopusTracker */;
			targetProxy = 65B600BF2E05D23E00C3E362 /* PBXContainerItemProxy */;
		};
		65B600CA2E05D23E00C3E362 /* PBXTargetDependency */ = {
			isa = PBXTargetDependency;
			target = 65B600B02E05D23C00C3E362 /* OctopusTracker */;
			targetProxy = 65B600C92E05D23E00C3E362 /* PBXContainerItemProxy */;
		};
/* End PBXTargetDependency section */

/* Begin XCBuildConfiguration section */
		65B600D02E05D23E00C3E362 /* Debug */ = {
			isa = XCBuildConfiguration;
			buildSettings = {
				ALWAYS_SEARCH_USER_PATHS = NO;
				ASSETCATALOG_COMPILER_GENERATE_SWIFT_ASSET_SYMBOL_EXTENSIONS = YES;
				CLANG_ANALYZER_NONNULL = YES;
				CLANG_ANALYZER_NUMBER_OBJECT_CONVERSION = YES_AGGRESSIVE;
				CLANG_CXX_LANGUAGE_STANDARD = "gnu++20";
				CLANG_ENABLE_MODULES = YES;
				CLANG_ENABLE_OBJC_ARC = YES;
				CLANG_ENABLE_OBJC_WEAK = YES;
				CLANG_WARN_BLOCK_CAPTURE_AUTORELEASING = YES;
				CLANG_WARN_BOOL_CONVERSION = YES;
				CLANG_WARN_COMMA = YES;
				CLANG_WARN_CONSTANT_CONVERSION = YES;
				CLANG_WARN_DEPRECATED_OBJC_IMPLEMENTATIONS = YES;
				CLANG_WARN_DIRECT_OBJC_ISA_USAGE = YES_ERROR;
				CLANG_WARN_DOCUMENTATION_COMMENTS = YES;
				CLANG_WARN_EMPTY_BODY = YES;
				CLANG_WARN_ENUM_CONVERSION = YES;
				CLANG_WARN_INFINITE_RECURSION = YES;
				CLANG_WARN_INT_CONVERSION = YES;
				CLANG_WARN_NON_LITERAL_NULL_CONVERSION = YES;
				CLANG_WARN_OBJC_IMPLICIT_RETAIN_SELF = YES;
				CLANG_WARN_OBJC_LITERAL_CONVERSION = YES;
				CLANG_WARN_OBJC_ROOT_CLASS = YES_ERROR;
				CLANG_WARN_QUOTED_INCLUDE_IN_FRAMEWORK_HEADER = YES;
				CLANG_WARN_RANGE_LOOP_ANALYSIS = YES;
				CLANG_WARN_STRICT_PROTOTYPES = YES;
				CLANG_WARN_SUSPICIOUS_MOVE = YES;
				CLANG_WARN_UNGUARDED_AVAILABILITY = YES_AGGRESSIVE;
				CLANG_WARN_UNREACHABLE_CODE = YES;
				CLANG_WARN__DUPLICATE_METHOD_MATCH = YES;
				COPY_PHASE_STRIP = NO;
				DEBUG_INFORMATION_FORMAT = dwarf;
				DEVELOPMENT_TEAM = D5CL4MWV43;
				ENABLE_STRICT_OBJC_MSGSEND = YES;
				ENABLE_TESTABILITY = YES;
				ENABLE_USER_SCRIPT_SANDBOXING = YES;
				GCC_C_LANGUAGE_STANDARD = gnu17;
				GCC_DYNAMIC_NO_PIC = NO;
				GCC_NO_COMMON_BLOCKS = YES;
				GCC_OPTIMIZATION_LEVEL = 0;
				GCC_PREPROCESSOR_DEFINITIONS = (
					"DEBUG=1",
					"$(inherited)",
				);
				GCC_WARN_64_TO_32_BIT_CONVERSION = YES;
				GCC_WARN_ABOUT_RETURN_TYPE = YES_ERROR;
				GCC_WARN_UNDECLARED_SELECTOR = YES;
				GCC_WARN_UNINITIALIZED_AUTOS = YES_AGGRESSIVE;
				GCC_WARN_UNUSED_FUNCTION = YES;
				GCC_WARN_UNUSED_VARIABLE = YES;
				IPHONEOS_DEPLOYMENT_TARGET = 18.5;
				LOCALIZATION_PREFERS_STRING_CATALOGS = YES;
				MTL_ENABLE_DEBUG_INFO = INCLUDE_SOURCE;
				MTL_FAST_MATH = YES;
				ONLY_ACTIVE_ARCH = YES;
				SDKROOT = iphoneos;
				SWIFT_ACTIVE_COMPILATION_CONDITIONS = "DEBUG $(inherited)";
				SWIFT_OPTIMIZATION_LEVEL = "-Onone";
			};
			name = Debug;
		};
		65B600D12E05D23E00C3E362 /* Release */ = {
			isa = XCBuildConfiguration;
			buildSettings = {
				ALWAYS_SEARCH_USER_PATHS = NO;
				ASSETCATALOG_COMPILER_GENERATE_SWIFT_ASSET_SYMBOL_EXTENSIONS = YES;
				CLANG_ANALYZER_NONNULL = YES;
				CLANG_ANALYZER_NUMBER_OBJECT_CONVERSION = YES_AGGRESSIVE;
				CLANG_CXX_LANGUAGE_STANDARD = "gnu++20";
				CLANG_ENABLE_MODULES = YES;
				CLANG_ENABLE_OBJC_ARC = YES;
				CLANG_ENABLE_OBJC_WEAK = YES;
				CLANG_WARN_BLOCK_CAPTURE_AUTORELEASING = YES;
				CLANG_WARN_BOOL_CONVERSION = YES;
				CLANG_WARN_COMMA = YES;
				CLANG_WARN_CONSTANT_CONVERSION = YES;
				CLANG_WARN_DEPRECATED_OBJC_IMPLEMENTATIONS = YES;
				CLANG_WARN_DIRECT_OBJC_ISA_USAGE = YES_ERROR;
				CLANG_WARN_DOCUMENTATION_COMMENTS = YES;
				CLANG_WARN_EMPTY_BODY = YES;
				CLANG_WARN_ENUM_CONVERSION = YES;
				CLANG_WARN_INFINITE_RECURSION = YES;
				CLANG_WARN_INT_CONVERSION = YES;
				CLANG_WARN_NON_LITERAL_NULL_CONVERSION = YES;
				CLANG_WARN_OBJC_IMPLICIT_RETAIN_SELF = YES;
				CLANG_WARN_OBJC_LITERAL_CONVERSION = YES;
				CLANG_WARN_OBJC_ROOT_CLASS = YES_ERROR;
				CLANG_WARN_QUOTED_INCLUDE_IN_FRAMEWORK_HEADER = YES;
				CLANG_WARN_RANGE_LOOP_ANALYSIS = YES;
				CLANG_WARN_STRICT_PROTOTYPES = YES;
				CLANG_WARN_SUSPICIOUS_MOVE = YES;
				CLANG_WARN_UNGUARDED_AVAILABILITY = YES_AGGRESSIVE;
				CLANG_WARN_UNREACHABLE_CODE = YES;
				CLANG_WARN__DUPLICATE_METHOD_MATCH = YES;
				COPY_PHASE_STRIP = NO;
				DEBUG_INFORMATION_FORMAT = "dwarf-with-dsym";
				DEVELOPMENT_TEAM = D5CL4MWV43;
				ENABLE_NS_ASSERTIONS = NO;
				ENABLE_STRICT_OBJC_MSGSEND = YES;
				ENABLE_USER_SCRIPT_SANDBOXING = YES;
				GCC_C_LANGUAGE_STANDARD = gnu17;
				GCC_NO_COMMON_BLOCKS = YES;
				GCC_WARN_64_TO_32_BIT_CONVERSION = YES;
				GCC_WARN_ABOUT_RETURN_TYPE = YES_ERROR;
				GCC_WARN_UNDECLARED_SELECTOR = YES;
				GCC_WARN_UNINITIALIZED_AUTOS = YES_AGGRESSIVE;
				GCC_WARN_UNUSED_FUNCTION = YES;
				GCC_WARN_UNUSED_VARIABLE = YES;
				IPHONEOS_DEPLOYMENT_TARGET = 18.5;
				LOCALIZATION_PREFERS_STRING_CATALOGS = YES;
				MTL_ENABLE_DEBUG_INFO = NO;
				MTL_FAST_MATH = YES;
				SDKROOT = iphoneos;
				SWIFT_COMPILATION_MODE = wholemodule;
				VALIDATE_PRODUCT = YES;
			};
			name = Release;
		};
		65B600D32E05D23E00C3E362 /* Debug */ = {
			isa = XCBuildConfiguration;
			buildSettings = {
				ASSETCATALOG_COMPILER_APPICON_NAME = AppIcon;
				ASSETCATALOG_COMPILER_GLOBAL_ACCENT_COLOR_NAME = AccentColor;
				CODE_SIGN_STYLE = Automatic;
				CURRENT_PROJECT_VERSION = 1;
				DEVELOPMENT_TEAM = D5CL4MWV43;
				ENABLE_PREVIEWS = YES;
				GENERATE_INFOPLIST_FILE = YES;
				INFOPLIST_KEY_UIApplicationSceneManifest_Generation = YES;
				INFOPLIST_KEY_UIApplicationSupportsIndirectInputEvents = YES;
				INFOPLIST_KEY_UILaunchScreen_Generation = YES;
				INFOPLIST_KEY_UISupportedInterfaceOrientations_iPad = "UIInterfaceOrientationPortrait UIInterfaceOrientationPortraitUpsideDown UIInterfaceOrientationLandscapeLeft UIInterfaceOrientationLandscapeRight";
				INFOPLIST_KEY_UISupportedInterfaceOrientations_iPhone = "UIInterfaceOrientationPortrait UIInterfaceOrientationLandscapeLeft UIInterfaceOrientationLandscapeRight";
				LD_RUNPATH_SEARCH_PATHS = (
					"$(inherited)",
					"@executable_path/Frameworks",
				);
				MARKETING_VERSION = 1.0;
				PRODUCT_BUNDLE_IDENTIFIER = changhoetyng.OctopusTracker;
				PRODUCT_NAME = "$(TARGET_NAME)";
				SWIFT_EMIT_LOC_STRINGS = YES;
				SWIFT_VERSION = 5.0;
				TARGETED_DEVICE_FAMILY = "1,2";
			};
			name = Debug;
		};
		65B600D42E05D23E00C3E362 /* Release */ = {
			isa = XCBuildConfiguration;
			buildSettings = {
				ASSETCATALOG_COMPILER_APPICON_NAME = AppIcon;
				ASSETCATALOG_COMPILER_GLOBAL_ACCENT_COLOR_NAME = AccentColor;
				CODE_SIGN_STYLE = Automatic;
				CURRENT_PROJECT_VERSION = 1;
				DEVELOPMENT_TEAM = D5CL4MWV43;
				ENABLE_PREVIEWS = YES;
				GENERATE_INFOPLIST_FILE = YES;
				INFOPLIST_KEY_UIApplicationSceneManifest_Generation = YES;
				INFOPLIST_KEY_UIApplicationSupportsIndirectInputEvents = YES;
				INFOPLIST_KEY_UILaunchScreen_Generation = YES;
				INFOPLIST_KEY_UISupportedInterfaceOrientations_iPad = "UIInterfaceOrientationPortrait UIInterfaceOrientationPortraitUpsideDown UIInterfaceOrientationLandscapeLeft UIInterfaceOrientationLandscapeRight";
				INFOPLIST_KEY_UISupportedInterfaceOrientations_iPhone = "UIInterfaceOrientationPortrait UIInterfaceOrientationLandscapeLeft UIInterfaceOrientationLandscapeRight";
				LD_RUNPATH_SEARCH_PATHS = (
					"$(inherited)",
					"@executable_path/Frameworks",
				);
				MARKETING_VERSION = 1.0;
				PRODUCT_BUNDLE_IDENTIFIER = changhoetyng.OctopusTracker;
				PRODUCT_NAME = "$(TARGET_NAME)";
				SWIFT_EMIT_LOC_STRINGS = YES;
				SWIFT_VERSION = 5.0;
				TARGETED_DEVICE_FAMILY = "1,2";
			};
			name = Release;
		};
		65B600D62E05D23E00C3E362 /* Debug */ = {
			isa = XCBuildConfiguration;
			buildSettings = {
				BUNDLE_LOADER = "$(TEST_HOST)";
				CODE_SIGN_STYLE = Automatic;
				CURRENT_PROJECT_VERSION = 1;
				DEVELOPMENT_TEAM = D5CL4MWV43;
				GENERATE_INFOPLIST_FILE = YES;
				IPHONEOS_DEPLOYMENT_TARGET = 18.5;
				MARKETING_VERSION = 1.0;
				PRODUCT_BUNDLE_IDENTIFIER = changhoetyng.OctopusTrackerTests;
				PRODUCT_NAME = "$(TARGET_NAME)";
				SWIFT_EMIT_LOC_STRINGS = NO;
				SWIFT_VERSION = 5.0;
				TARGETED_DEVICE_FAMILY = "1,2";
				TEST_HOST = "$(BUILT_PRODUCTS_DIR)/OctopusTracker.app/$(BUNDLE_EXECUTABLE_FOLDER_PATH)/OctopusTracker";
			};
			name = Debug;
		};
		65B600D72E05D23E00C3E362 /* Release */ = {
			isa = XCBuildConfiguration;
			buildSettings = {
				BUNDLE_LOADER = "$(TEST_HOST)";
				CODE_SIGN_STYLE = Automatic;
				CURRENT_PROJECT_VERSION = 1;
				DEVELOPMENT_TEAM = D5CL4MWV43;
				GENERATE_INFOPLIST_FILE = YES;
				IPHONEOS_DEPLOYMENT_TARGET = 18.5;
				MARKETING_VERSION = 1.0;
				PRODUCT_BUNDLE_IDENTIFIER = changhoetyng.OctopusTrackerTests;
				PRODUCT_NAME = "$(TARGET_NAME)";
				SWIFT_EMIT_LOC_STRINGS = NO;
				SWIFT_VERSION = 5.0;
				TARGETED_DEVICE_FAMILY = "1,2";
				TEST_HOST = "$(BUILT_PRODUCTS_DIR)/OctopusTracker.app/$(BUNDLE_EXECUTABLE_FOLDER_PATH)/OctopusTracker";
			};
			name = Release;
		};
		65B600D92E05D23E00C3E362 /* Debug */ = {
			isa = XCBuildConfiguration;
			buildSettings = {
				CODE_SIGN_STYLE = Automatic;
				CURRENT_PROJECT_VERSION = 1;
				DEVELOPMENT_TEAM = D5CL4MWV43;
				GENERATE_INFOPLIST_FILE = YES;
				MARKETING_VERSION = 1.0;
				PRODUCT_BUNDLE_IDENTIFIER = changhoetyng.OctopusTrackerUITests;
				PRODUCT_NAME = "$(TARGET_NAME)";
				SWIFT_EMIT_LOC_STRINGS = NO;
				SWIFT_VERSION = 5.0;
				TARGETED_DEVICE_FAMILY = "1,2";
				TEST_TARGET_NAME = OctopusTracker;
			};
			name = Debug;
		};
		65B600DA2E05D23E00C3E362 /* Release */ = {
			isa = XCBuildConfiguration;
			buildSettings = {
				CODE_SIGN_STYLE = Automatic;
				CURRENT_PROJECT_VERSION = 1;
				DEVELOPMENT_TEAM = D5CL4MWV43;
				GENERATE_INFOPLIST_FILE = YES;
				MARKETING_VERSION = 1.0;
				PRODUCT_BUNDLE_IDENTIFIER = changhoetyng.OctopusTrackerUITests;
				PRODUCT_NAME = "$(TARGET_NAME)";
				SWIFT_EMIT_LOC_STRINGS = NO;
				SWIFT_VERSION = 5.0;
				TARGETED_DEVICE_FAMILY = "1,2";
				TEST_TARGET_NAME = OctopusTracker;
			};
			name = Release;
		};
/* End XCBuildConfiguration section */

/* Begin XCConfigurationList section */
		65B600AC2E05D23C00C3E362 /* Build configuration list for PBXProject "OctopusTracker" */ = {
			isa = XCConfigurationList;
			buildConfigurations = (
				65B600D02E05D23E00C3E362 /* Debug */,
				65B600D12E05D23E00C3E362 /* Release */,
			);
			defaultConfigurationIsVisible = 0;
			defaultConfigurationName = Release;
		};
		65B600D22E05D23E00C3E362 /* Build configuration list for PBXNativeTarget "OctopusTracker" */ = {
			isa = XCConfigurationList;
			buildConfigurations = (
				65B600D32E05D23E00C3E362 /* Debug */,
				65B600D42E05D23E00C3E362 /* Release */,
			);
			defaultConfigurationIsVisible = 0;
			defaultConfigurationName = Release;
		};
		65B600D52E05D23E00C3E362 /* Build configuration list for PBXNativeTarget "OctopusTrackerTests" */ = {
			isa = XCConfigurationList;
			buildConfigurations = (
				65B600D62E05D23E00C3E362 /* Debug */,
				65B600D72E05D23E00C3E362 /* Release */,
			);
			defaultConfigurationIsVisible = 0;
			defaultConfigurationName = Release;
		};
		65B600D82E05D23E00C3E362 /* Build configuration list for PBXNativeTarget "OctopusTrackerUITests" */ = {
			isa = XCConfigurationList;
			buildConfigurations = (
				65B600D92E05D23E00C3E362 /* Debug */,
				65B600DA2E05D23E00C3E362 /* Release */,
			);
			defaultConfigurationIsVisible = 0;
			defaultConfigurationName = Release;
		};
/* End XCConfigurationList section */
	};
	rootObject = 65B600A92E05D23C00C3E362 /* Project object */;
}
